
Microsoft Visual Studio Solution File, Format Version 12.00
# Visual Studio Version 16
VisualStudioVersion = 16.0.31321.278
MinimumVisualStudioVersion = 10.0.40219.1
Project("{FAE04EC0-301F-11D3-BF4B-00C04F79EFBC}") = "TravelRecordApp.Android", "TravelRecordApp\TravelRecordApp.Android\TravelRecordApp.Android.csproj", "{F6A82F65-D56C-483D-8E67-7F95B3CDB412}"
EndProject
Project("{FAE04EC0-301F-11D3-BF4B-00C04F79EFBC}") = "TravelRecordApp.iOS", "TravelRecordApp\TravelRecordApp.iOS\TravelRecordApp.iOS.csproj", "{16483DCD-DA49-4D4D-B0A0-BDFB93F17E33}"
EndProject
Project("{FAE04EC0-301F-11D3-BF4B-00C04F79EFBC}") = "TravelRecordApp", "TravelRecordApp\TravelRecordApp\TravelRecordApp.csproj", "{1393EB8E-77E4-4E7A-8521-E084C6E5D690}"
EndProject
Global
	GlobalSection(SolutionConfigurationPlatforms) = preSolution
		Debug|Any CPU = Debug|Any CPU
		Debug|iPhone = Debug|iPhone
		Debug|iPhoneSimulator = Debug|iPhoneSimulator
		Release|Any CPU = Release|Any CPU
		Release|iPhone = Release|iPhone
		Release|iPhoneSimulator = Release|iPhoneSimulator
	EndGlobalSection
	GlobalSection(ProjectConfigurationPlatforms) = postSolution
		{F6A82F65-D56C-483D-8E67-7F95B3CDB412}.Debug|Any CPU.ActiveCfg = Debug|Any CPU
		{F6A82F65-D56C-483D-8E67-7F95B3CDB412}.Debug|Any CPU.Build.0 = Debug|Any CPU
		{F6A82F65-D56C-483D-8E67-7F95B3CDB412}.Debug|Any CPU.Deploy.0 = Debug|Any CPU
		{F6A82F65-D56C-483D-8E67-7F95B3CDB412}.Debug|iPhone.ActiveCfg = Debug|Any CPU
		{F6A82F65-D56C-483D-8E67-7F95B3CDB412}.Debug|iPhone.Build.0 = Debug|Any CPU
		{F6A82F65-D56C-483D-8E67-7F95B3CDB412}.Debug|iPhone.Deploy.0 = Debug|Any CPU
		{F6A82F65-D56C-483D-8E67-7F95B3CDB412}.Debug|iPhoneSimulator.ActiveCfg = Debug|Any CPU
		{F6A82F65-D56C-483D-8E67-7F95B3CDB412}.Debug|iPhoneSimulator.Build.0 = Debug|Any CPU
		{F6A82F65-D56C-483D-8E67-7F95B3CDB412}.Debug|iPhoneSimulator.Deploy.0 = Debug|Any CPU
		{F6A82F65-D56C-483D-8E67-7F95B3CDB412}.Release|Any CPU.ActiveCfg = Release|Any CPU
		{F6A82F65-D56C-483D-8E67-7F95B3CDB412}.Release|Any CPU.Build.0 = Release|Any CPU
		{F6A82F65-D56C-483D-8E67-7F95B3CDB412}.Release|Any CPU.Deploy.0 = Release|Any CPU
		{F6A82F65-D56C-483D-8E67-7F95B3CDB412}.Release|iPhone.ActiveCfg = Release|Any CPU
		{F6A82F65-D56C-483D-8E67-7F95B3CDB412}.Release|iPhone.Build.0 = Release|Any CPU
		{F6A82F65-D56C-483D-8E67-7F95B3CDB412}.Release|iPhone.Deploy.0 = Release|Any CPU
		{F6A82F65-D56C-483D-8E67-7F95B3CDB412}.Release|iPhoneSimulator.ActiveCfg = Release|Any CPU
		{F6A82F65-D56C-483D-8E67-7F95B3CDB412}.Release|iPhoneSimulator.Build.0 = Release|Any CPU
		{F6A82F65-D56C-483D-8E67-7F95B3CDB412}.Release|iPhoneSimulator.Deploy.0 = Release|Any CPU
		{16483DCD-DA49-4D4D-B0A0-BDFB93F17E33}.Debug|Any CPU.ActiveCfg = Debug|iPhone
		{16483DCD-DA49-4D4D-B0A0-BDFB93F17E33}.Debug|Any CPU.Build.0 = Debug|iPhone
		{16483DCD-DA49-4D4D-B0A0-BDFB93F17E33}.Debug|Any CPU.Deploy.0 = Debug|iPhone
		{16483DCD-DA49-4D4D-B0A0-BDFB93F17E33}.Debug|iPhone.ActiveCfg = Debug|iPhone
		{16483DCD-DA49-4D4D-B0A0-BDFB93F17E33}.Debug|iPhone.Build.0 = Debug|iPhone
		{16483DCD-DA49-4D4D-B0A0-BDFB93F17E33}.Debug|iPhone.Deploy.0 = Debug|iPhone
		{16483DCD-DA49-4D4D-B0A0-BDFB93F17E33}.Debug|iPhoneSimulator.ActiveCfg = Debug|iPhoneSimulator
		{16483DCD-DA49-4D4D-B0A0-BDFB93F17E33}.Debug|iPhoneSimulator.Build.0 = Debug|iPhoneSimulator
		{16483DCD-DA49-4D4D-B0A0-BDFB93F17E33}.Debug|iPhoneSimulator.Deploy.0 = Debug|iPhoneSimulator
		{16483DCD-DA49-4D4D-B0A0-BDFB93F17E33}.Release|Any CPU.ActiveCfg = Release|iPhoneSimulator
		{16483DCD-DA49-4D4D-B0A0-BDFB93F17E33}.Release|Any CPU.Build.0 = Release|iPhoneSimulator
		{16483DCD-DA49-4D4D-B0A0-BDFB93F17E33}.Release|Any CPU.Deploy.0 = Release|iPhoneSimulator
		{16483DCD-DA49-4D4D-B0A0-BDFB93F17E33}.Release|iPhone.ActiveCfg = Release|iPhone
		{16483DCD-DA49-4D4D-B0A0-BDFB93F17E33}.Release|iPhone.Build.0 = Release|iPhone
		{16483DCD-DA49-4D4D-B0A0-BDFB93F17E33}.Release|iPhone.Deploy.0 = Release|iPhone
		{16483DCD-DA49-4D4D-B0A0-BDFB93F17E33}.Release|iPhoneSimulator.ActiveCfg = Release|iPhoneSimulator
		{16483DCD-DA49-4D4D-B0A0-BDFB93F17E33}.Release|iPhoneSimulator.Build.0 = Release|iPhoneSimulator
		{16483DCD-DA49-4D4D-B0A0-BDFB93F17E33}.Release|iPhoneSimulator.Deploy.0 = Release|iPhoneSimulator
		{1393EB8E-77E4-4E7A-8521-E084C6E5D690}.Debug|Any CPU.ActiveCfg = Debug|Any CPU
		{1393EB8E-77E4-4E7A-8521-E084C6E5D690}.Debug|Any CPU.Build.0 = Debug|Any CPU
		{1393EB8E-77E4-4E7A-8521-E084C6E5D690}.Debug|Any CPU.Deploy.0 = Debug|Any CPU
		{1393EB8E-77E4-4E7A-8521-E084C6E5D690}.Debug|iPhone.ActiveCfg = Debug|Any CPU
		{1393EB8E-77E4-4E7A-8521-E084C6E5D690}.Debug|iPhone.Build.0 = Debug|Any CPU
		{1393EB8E-77E4-4E7A-8521-E084C6E5D690}.Debug|iPhone.Deploy.0 = Debug|Any CPU
		{1393EB8E-77E4-4E7A-8521-E084C6E5D690}.Debug|iPhoneSimulator.ActiveCfg = Debug|Any CPU
		{1393EB8E-77E4-4E7A-8521-E084C6E5D690}.Debug|iPhoneSimulator.Build.0 = Debug|Any CPU
		{1393EB8E-77E4-4E7A-8521-E084C6E5D690}.Debug|iPhoneSimulator.Deploy.0 = Debug|Any CPU
		{1393EB8E-77E4-4E7A-8521-E084C6E5D690}.Release|Any CPU.ActiveCfg = Release|Any CPU
		{1393EB8E-77E4-4E7A-8521-E084C6E5D690}.Release|Any CPU.Build.0 = Release|Any CPU
		{1393EB8E-77E4-4E7A-8521-E084C6E5D690}.Release|Any CPU.Deploy.0 = Release|Any CPU
		{1393EB8E-77E4-4E7A-8521-E084C6E5D690}.Release|iPhone.ActiveCfg = Release|Any CPU
		{1393EB8E-77E4-4E7A-8521-E084C6E5D690}.Release|iPhone.Build.0 = Release|Any CPU
		{1393EB8E-77E4-4E7A-8521-E084C6E5D690}.Release|iPhone.Deploy.0 = Release|Any CPU
		{1393EB8E-77E4-4E7A-8521-E084C6E5D690}.Release|iPhoneSimulator.ActiveCfg = Release|Any CPU
		{1393EB8E-77E4-4E7A-8521-E084C6E5D690}.Release|iPhoneSimulator.Build.0 = Release|Any CPU
		{1393EB8E-77E4-4E7A-8521-E084C6E5D690}.Release|iPhoneSimulator.Deploy.0 = Release|Any CPU
	EndGlobalSection
	GlobalSection(SolutionProperties) = preSolution
		HideSolutionNode = FALSE
	EndGlobalSection
	GlobalSection(ExtensibilityGlobals) = postSolution
		SolutionGuid = {130795BB-7C41-4147-BD6F-B401192D1B41}
	EndGlobalSection
EndGlobal
